{
  "lockfileVersion": 1,
  "configVersion": 1,
  "workspaces": {
    "": {
      "name": "agent-feeds",
      "dependencies": {
        "@extractus/article-extractor": "^8.0.20",
        "rss-parser": "^3.13.0",
        "turndown": "^7.2.2",
        "zod": "^4.3.6",
      },
      "devDependencies": {
        "@biomejs/biome": "^2.4.8",
        "@types/bun": "latest",
        "@types/turndown": "^5.0.6",
      },
      "peerDependencies": {
        "typescript": "^5",
      },
    },
  },
  "packages": {
    "@biomejs/biome": ["@biomejs/biome@2.4.8", "", { "optionalDependencies": { "@biomejs/cli-darwin-arm64": "2.4.8", "@biomejs/cli-darwin-x64": "2.4.8", "@biomejs/cli-linux-arm64": "2.4.8", "@biomejs/cli-linux-arm64-musl": "2.4.8", "@biomejs/cli-linux-x64": "2.4.8", "@biomejs/cli-linux-x64-musl": "2.4.8", "@biomejs/cli-win32-arm64": "2.4.8", "@biomejs/cli-win32-x64": "2.4.8" }, "bin": { "biome": "bin/biome" } }, "sha512-ponn0oKOky1oRXBV+rlSaUlixUxf1aZvWC19Z41zBfUOUesthrQqL3OtiAlSB1EjFjyWpn98Q64DHelhA6jNlA=="],

    "@biomejs/cli-darwin-arm64": ["@biomejs/cli-darwin-arm64@2.4.8", "", { "os": "darwin", "cpu": "arm64" }, "sha512-ARx0tECE8I7S2C2yjnWYLNbBdDoPdq3oyNLhMglmuctThwUsuzFWRKrHmIGwIRWKz0Mat9DuzLEDp52hGnrxGQ=="],

    "@biomejs/cli-darwin-x64": ["@biomejs/cli-darwin-x64@2.4.8", "", { "os": "darwin", "cpu": "x64" }, "sha512-Jg9/PsB9vDCJlANE8uhG7qDhb5w0Ix69D7XIIc8IfZPUoiPrbLm33k2Ig3NOJ/7nb3UbesFz3D1aDKm9DvzjhQ=="],

    "@biomejs/cli-linux-arm64": ["@biomejs/cli-linux-arm64@2.4.8", "", { "os": "linux", "cpu": "arm64" }, "sha512-5CdrsJct76XG2hpKFwXnEtlT1p+4g4yV+XvvwBpzKsTNLO9c6iLlAxwcae2BJ7ekPGWjNGw9j09T5KGPKKxQig=="],

    "@biomejs/cli-linux-arm64-musl": ["@biomejs/cli-linux-arm64-musl@2.4.8", "", { "os": "linux", "cpu": "arm64" }, "sha512-Zo9OhBQDJ3IBGPlqHiTISloo5H0+FBIpemqIJdW/0edJ+gEcLR+MZeZozcUyz3o1nXkVA7++DdRKQT0599j9jA=="],

    "@biomejs/cli-linux-x64": ["@biomejs/cli-linux-x64@2.4.8", "", { "os": "linux", "cpu": "x64" }, "sha512-PdKXspVEaMCQLjtZCn6vfSck/li4KX9KGwSDbZdgIqlrizJ2MnMcE3TvHa2tVfXNmbjMikzcfJpuPWH695yJrw=="],

    "@biomejs/cli-linux-x64-musl": ["@biomejs/cli-linux-x64-musl@2.4.8", "", { "os": "linux", "cpu": "x64" }, "sha512-Gi8quv8MEuDdKaPFtS2XjEnMqODPsRg6POT6KhoP+VrkNb+T2ywunVB+TvOU0LX1jAZzfBr+3V1mIbBhzAMKvw=="],

    "@biomejs/cli-win32-arm64": ["@biomejs/cli-win32-arm64@2.4.8", "", { "os": "win32", "cpu": "arm64" }, "sha512-LoFatS0tnHv6KkCVpIy3qZCih+MxUMvdYiPWLHRri7mhi2vyOOs8OrbZBcLTUEWCS+ktO72nZMy4F96oMhkOHQ=="],

    "@biomejs/cli-win32-x64": ["@biomejs/cli-win32-x64@2.4.8", "", { "os": "win32", "cpu": "x64" }, "sha512-vAn7iXDoUbqFXqVocuq1sMYAd33p8+mmurqJkWl6CtIhobd/O6moe4rY5AJvzbunn/qZCdiDVcveqtkFh1e7Hg=="],

    "@extractus/article-extractor": ["@extractus/article-extractor@8.0.20", "", { "dependencies": { "@mozilla/readability": "^0.6.0", "@ndaidong/bellajs": "^12.0.1", "cross-fetch": "^4.1.0", "linkedom": "^0.18.12", "sanitize-html": "2.17.0" } }, "sha512-oxHLZ3X5ctLVkQfFkOLf8afvQq6aJ2VBxwQhAaV6ZypaaMJboFz8uwpCGy7QBehmQIvzgWhCwuu8j4ayJFvPcg=="],

    "@mixmark-io/domino": ["@mixmark-io/domino@2.2.0", "", {}, "sha512-Y28PR25bHXUg88kCV7nivXrP2Nj2RueZ3/l/jdx6J9f8J4nsEGcgX0Qe6lt7Pa+J79+kPiJU3LguR6O/6zrLOw=="],

    "@mozilla/readability": ["@mozilla/readability@0.6.0", "", {}, "sha512-juG5VWh4qAivzTAeMzvY9xs9HY5rAcr2E4I7tiSSCokRFi7XIZCAu92ZkSTsIj1OPceCifL3cpfteP3pDT9/QQ=="],

    "@ndaidong/bellajs": ["@ndaidong/bellajs@12.0.1", "", {}, "sha512-1iY42uiHz0cxNMbde7O3zVN+ZX1viOOUOBRt6ht6lkRZbSjwOnFV34Zv4URp3hGzEe6L9Byk7BOq/41H0PzAOQ=="],

    "@types/bun": ["@types/bun@1.3.11", "", { "dependencies": { "bun-types": "1.3.11" } }, "sha512-5vPne5QvtpjGpsGYXiFyycfpDF2ECyPcTSsFBMa0fraoxiQyMJ3SmuQIGhzPg2WJuWxVBoxWJ2kClYTcw/4fAg=="],

    "@types/node": ["@types/node@25.5.0", "", { "dependencies": { "undici-types": "~7.18.0" } }, "sha512-jp2P3tQMSxWugkCUKLRPVUpGaL5MVFwF8RDuSRztfwgN1wmqJeMSbKlnEtQqU8UrhTmzEmZdu2I6v2dpp7XIxw=="],

    "@types/turndown": ["@types/turndown@5.0.6", "", {}, "sha512-ru00MoyeeouE5BX4gRL+6m/BsDfbRayOskWqUvh7CLGW+UXxHQItqALa38kKnOiZPqJrtzJUgAC2+F0rL1S4Pg=="],

    "boolbase": ["boolbase@1.0.0", "", {}, "sha512-JZOSA7Mo9sNGB8+UjSgzdLtokWAky1zbztM3WRLCbZ70/3cTANmQmOdR7y2g+J0e2WXywy1yS468tY+IruqEww=="],

    "bun-types": ["bun-types@1.3.11", "", { "dependencies": { "@types/node": "*" } }, "sha512-1KGPpoxQWl9f6wcZh57LvrPIInQMn2TQ7jsgxqpRzg+l0QPOFvJVH7HmvHo/AiPgwXy+/Thf6Ov3EdVn1vOabg=="],

    "cross-fetch": ["cross-fetch@4.1.0", "", { "dependencies": { "node-fetch": "^2.7.0" } }, "sha512-uKm5PU+MHTootlWEY+mZ4vvXoCn4fLQxT9dSc1sXVMSFkINTJVN8cAQROpwcKm8bJ/c7rgZVIBWzH5T78sNZZw=="],

    "css-select": ["css-select@5.2.2", "", { "dependencies": { "boolbase": "^1.0.0", "css-what": "^6.1.0", "domhandler": "^5.0.2", "domutils": "^3.0.1", "nth-check": "^2.0.1" } }, "sha512-TizTzUddG/xYLA3NXodFM0fSbNizXjOKhqiQQwvhlspadZokn1KDy0NZFS0wuEubIYAV5/c1/lAr0TaaFXEXzw=="],

    "css-what": ["css-what@6.2.2", "", {}, "sha512-u/O3vwbptzhMs3L1fQE82ZSLHQQfto5gyZzwteVIEyeaY5Fc7R4dapF/BvRoSYFeqfBk4m0V1Vafq5Pjv25wvA=="],

    "cssom": ["cssom@0.5.0", "", {}, "sha512-iKuQcq+NdHqlAcwUY0o/HL69XQrUaQdMjmStJ8JFmUaiiQErlhrmuigkg/CU4E2J0IyUKUrMAgl36TvN67MqTw=="],

    "deepmerge": ["deepmerge@4.3.1", "", {}, "sha512-3sUqbMEc77XqpdNO7FRyRog+eW3ph+GYCbj+rK+uYyRMuwsVy0rMiVtPn+QJlKFvWP/1PYpapqYn0Me2knFn+A=="],

    "dom-serializer": ["dom-serializer@2.0.0", "", { "dependencies": { "domelementtype": "^2.3.0", "domhandler": "^5.0.2", "entities": "^4.2.0" } }, "sha512-wIkAryiqt/nV5EQKqQpo3SToSOV9J0DnbJqwK7Wv/Trc92zIAYZ4FlMu+JPFW1DfGFt81ZTCGgDEabffXeLyJg=="],

    "domelementtype": ["domelementtype@2.3.0", "", {}, "sha512-OLETBj6w0OsagBwdXnPdN0cnMfF9opN69co+7ZrbfPGrdpPVNBUj02spi6B1N7wChLQiPn4CSH/zJvXw56gmHw=="],

    "domhandler": ["domhandler@5.0.3", "", { "dependencies": { "domelementtype": "^2.3.0" } }, "sha512-cgwlv/1iFQiFnU96XXgROh8xTeetsnJiDsTc7TYCLFd9+/WNkIqPTxiM/8pSd8VIrhXGTf1Ny1q1hquVqDJB5w=="],

    "domutils": ["domutils@3.2.2", "", { "dependencies": { "dom-serializer": "^2.0.0", "domelementtype": "^2.3.0", "domhandler": "^5.0.3" } }, "sha512-6kZKyUajlDuqlHKVX1w7gyslj9MPIXzIFiz/rGu35uC1wMi+kMhQwGhl4lt9unC9Vb9INnY9Z3/ZA3+FhASLaw=="],

    "entities": ["entities@2.2.0", "", {}, "sha512-p92if5Nz619I0w+akJrLZH0MX0Pb5DX39XOwQTtXSdQQOaYH03S1uIQp4mhOZtAXrxq4ViO67YTiLBo2638o9A=="],

    "escape-string-regexp": ["escape-string-regexp@4.0.0", "", {}, "sha512-TtpcNJ3XAzx3Gq8sWRzJaVajRs0uVxA2YAkdb1jm2YkPz4G6egUFAyA3n5vtEIZefPk5Wa4UXbKuS5fKkJWdgA=="],

    "html-escaper": ["html-escaper@3.0.3", "", {}, "sha512-RuMffC89BOWQoY0WKGpIhn5gX3iI54O6nRA0yC124NYVtzjmFWBIiFd8M0x+ZdX0P9R4lADg1mgP8C7PxGOWuQ=="],

    "htmlparser2": ["htmlparser2@10.1.0", "", { "dependencies": { "domelementtype": "^2.3.0", "domhandler": "^5.0.3", "domutils": "^3.2.2", "entities": "^7.0.1" } }, "sha512-VTZkM9GWRAtEpveh7MSF6SjjrpNVNNVJfFup7xTY3UpFtm67foy9HDVXneLtFVt4pMz5kZtgNcvCniNFb1hlEQ=="],

    "is-plain-object": ["is-plain-object@5.0.0", "", {}, "sha512-VRSzKkbMm5jMDoKLbltAkFQ5Qr7VDiTFGXxYFXXowVj387GeGNOCsOH6Msy00SGZ3Fp84b1Naa1psqgcCIEP5Q=="],

    "linkedom": ["linkedom@0.18.12", "", { "dependencies": { "css-select": "^5.1.0", "cssom": "^0.5.0", "html-escaper": "^3.0.3", "htmlparser2": "^10.0.0", "uhyphen": "^0.2.0" }, "peerDependencies": { "canvas": ">= 2" }, "optionalPeers": ["canvas"] }, "sha512-jalJsOwIKuQJSeTvsgzPe9iJzyfVaEJiEXl+25EkKevsULHvMJzpNqwvj1jOESWdmgKDiXObyjOYwlUqG7wo1Q=="],

    "nanoid": ["nanoid@3.3.11", "", { "bin": { "nanoid": "bin/nanoid.cjs" } }, "sha512-N8SpfPUnUp1bK+PMYW8qSWdl9U+wwNWI4QKxOYDy9JAro3WMX7p2OeVRF9v+347pnakNevPmiHhNmZ2HbFA76w=="],

    "node-fetch": ["node-fetch@2.7.0", "", { "dependencies": { "whatwg-url": "^5.0.0" }, "peerDependencies": { "encoding": "^0.1.0" }, "optionalPeers": ["encoding"] }, "sha512-c4FRfUm/dbcWZ7U+1Wq0AwCyFL+3nt2bEw05wfxSz+DWpWsitgmSgYmy2dQdWyKC1694ELPqMs/YzUSNozLt8A=="],

    "nth-check": ["nth-check@2.1.1", "", { "dependencies": { "boolbase": "^1.0.0" } }, "sha512-lqjrjmaOoAnWfMmBPL+XNnynZh2+swxiX3WUE0s4yEHI6m+AwrK2UZOimIRl3X/4QctVqS8AiZjFqyOGrMXb/w=="],

    "parse-srcset": ["parse-srcset@1.0.2", "", {}, "sha512-/2qh0lav6CmI15FzA3i/2Bzk2zCgQhGMkvhOhKNcBVQ1ldgpbfiNTVslmooUmWJcADi1f1kIeynbDRVzNlfR6Q=="],

    "picocolors": ["picocolors@1.1.1", "", {}, "sha512-xceH2snhtb5M9liqDsmEw56le376mTZkEX/jEb/RxNFyegNul7eNslCXP9FDj/Lcu0X8KEyMceP2ntpaHrDEVA=="],

    "postcss": ["postcss@8.5.8", "", { "dependencies": { "nanoid": "^3.3.11", "picocolors": "^1.1.1", "source-map-js": "^1.2.1" } }, "sha512-OW/rX8O/jXnm82Ey1k44pObPtdblfiuWnrd8X7GJ7emImCOstunGbXUpp7HdBrFQX6rJzn3sPT397Wp5aCwCHg=="],

    "rss-parser": ["rss-parser@3.13.0", "", { "dependencies": { "entities": "^2.0.3", "xml2js": "^0.5.0" } }, "sha512-7jWUBV5yGN3rqMMj7CZufl/291QAhvrrGpDNE4k/02ZchL0npisiYYqULF71jCEKoIiHvK/Q2e6IkDwPziT7+w=="],

    "sanitize-html": ["sanitize-html@2.17.0", "", { "dependencies": { "deepmerge": "^4.2.2", "escape-string-regexp": "^4.0.0", "htmlparser2": "^8.0.0", "is-plain-object": "^5.0.0", "parse-srcset": "^1.0.2", "postcss": "^8.3.11" } }, "sha512-dLAADUSS8rBwhaevT12yCezvioCA+bmUTPH/u57xKPT8d++voeYE6HeluA/bPbQ15TwDBG2ii+QZIEmYx8VdxA=="],

    "sax": ["sax@1.6.0", "", {}, "sha512-6R3J5M4AcbtLUdZmRv2SygeVaM7IhrLXu9BmnOGmmACak8fiUtOsYNWUS4uK7upbmHIBbLBeFeI//477BKLBzA=="],

    "source-map-js": ["source-map-js@1.2.1", "", {}, "sha512-UXWMKhLOwVKb728IUtQPXxfYU+usdybtUrK/8uGE8CQMvrhOpwvzDBwj0QhSL7MQc7vIsISBG8VQ8+IDQxpfQA=="],

    "tr46": ["tr46@0.0.3", "", {}, "sha512-N3WMsuqV66lT30CrXNbEjx4GEwlow3v6rr4mCcv6prnfwhS01rkgyFdjPNBYd9br7LpXV1+Emh01fHnq2Gdgrw=="],

    "turndown": ["turndown@7.2.2", "", { "dependencies": { "@mixmark-io/domino": "^2.2.0" } }, "sha512-1F7db8BiExOKxjSMU2b7if62D/XOyQyZbPKq/nUwopfgnHlqXHqQ0lvfUTeUIr1lZJzOPFn43dODyMSIfvWRKQ=="],

    "typescript": ["typescript@5.9.3", "", { "bin": { "tsc": "bin/tsc", "tsserver": "bin/tsserver" } }, "sha512-jl1vZzPDinLr9eUt3J/t7V6FgNEw9QjvBPdysz9KfQDD41fQrC2Y4vKQdiaUpFT4bXlb1RHhLpp8wtm6M5TgSw=="],

    "uhyphen": ["uhyphen@0.2.0", "", {}, "sha512-qz3o9CHXmJJPGBdqzab7qAYuW8kQGKNEuoHFYrBwV6hWIMcpAmxDLXojcHfFr9US1Pe6zUswEIJIbLI610fuqA=="],

    "undici-types": ["undici-types@7.18.2", "", {}, "sha512-AsuCzffGHJybSaRrmr5eHr81mwJU3kjw6M+uprWvCXiNeN9SOGwQ3Jn8jb8m3Z6izVgknn1R0FTCEAP2QrLY/w=="],

    "webidl-conversions": ["webidl-conversions@3.0.1", "", {}, "sha512-2JAn3z8AR6rjK8Sm8orRC0h/bcl/DqL7tRPdGZ4I1CjdF+EaMLmYxBHyXuKL849eucPFhvBoxMsflfOb8kxaeQ=="],

    "whatwg-url": ["whatwg-url@5.0.0", "", { "dependencies": { "tr46": "~0.0.3", "webidl-conversions": "^3.0.0" } }, "sha512-saE57nupxk6v3HY35+jzBwYa0rKSy0XR8JSxZPwgLr7ys0IBzhGviA1/TUGJLmSVqs8pb9AnvICXEuOHLprYTw=="],

    "xml2js": ["xml2js@0.5.0", "", { "dependencies": { "sax": ">=0.6.0", "xmlbuilder": "~11.0.0" } }, "sha512-drPFnkQJik/O+uPKpqSgr22mpuFHqKdbS835iAQrUC73L2F5WkboIRd63ai/2Yg6I1jzifPFKH2NTK+cfglkIA=="],

    "xmlbuilder": ["xmlbuilder@11.0.1", "", {}, "sha512-fDlsI/kFEx7gLvbecc0/ohLG50fugQp8ryHzMTuW9vSa1GJ0XYWKnhsUx7oie3G98+r56aTQIUB4kht42R3JvA=="],

    "zod": ["zod@4.3.6", "", {}, "sha512-rftlrkhHZOcjDwkGlnUtZZkvaPHCsDATp4pGpuOOMDaTdDDXF91wuVDJoWoPsKX/3YPQ5fHuF3STjcYyKr+Qhg=="],

    "dom-serializer/entities": ["entities@4.5.0", "", {}, "sha512-V0hjH4dGPh9Ao5p0MoRY6BVqtwCjhz6vI5LT8AJ55H+4g9/4vbHx1I54fS0XuclLhDHArPQCiMjDxjaL8fPxhw=="],

    "htmlparser2/entities": ["entities@7.0.1", "", {}, "sha512-TWrgLOFUQTH994YUyl1yT4uyavY5nNB5muff+RtWaqNVCAK408b5ZnnbNAUEWLTCpum9w6arT70i1XdQ4UeOPA=="],

    "sanitize-html/htmlparser2": ["htmlparser2@8.0.2", "", { "dependencies": { "domelementtype": "^2.3.0", "domhandler": "^5.0.3", "domutils": "^3.0.1", "entities": "^4.4.0" } }, "sha512-GYdjWKDkbRLkZ5geuHs5NY1puJ+PXwP7+fHPRz06Eirsb9ugf6d8kkXav6ADhcODhFFPMIXyxkxSuMf3D6NCFA=="],

    "sanitize-html/htmlparser2/entities": ["entities@4.5.0", "", {}, "sha512-V0hjH4dGPh9Ao5p0MoRY6BVqtwCjhz6vI5LT8AJ55H+4g9/4vbHx1I54fS0XuclLhDHArPQCiMjDxjaL8fPxhw=="],
  }
}
